
Microsoft Visual Studio Solution File, Format Version 12.00
# Visual Studio Version 17
VisualStudioVersion = 17.11.35327.3
MinimumVisualStudioVersion = 10.0.40219.1
Project("{9A19103F-16F7-4668-BE54-9A1E7A4F7556}") = "ordreChange", "ordreChange.csproj", "{B64F32BE-C61B-4D4E-85B0-26363CD2772F}"
EndProject
Project("{FAE04EC0-301F-11D3-BF4B-00C04F79EFBC}") = "ordreChange.Tests.Unit", "..\ordreChange.Tests.Unit\ordreChange.Tests.Unit.csproj", "{68AAC7B7-472B-4D21-8CF8-B95CD2CC47EA}"
EndProject
Global
	GlobalSection(SolutionConfigurationPlatforms) = preSolution
		Debug|Any CPU = Debug|Any CPU
		Release|Any CPU = Release|Any CPU
	EndGlobalSection
	GlobalSection(ProjectConfigurationPlatforms) = postSolution
		{B64F32BE-C61B-4D4E-85B0-26363CD2772F}.Debug|Any CPU.ActiveCfg = Debug|Any CPU
		{B64F32BE-C61B-4D4E-85B0-26363CD2772F}.Debug|Any CPU.Build.0 = Debug|Any CPU
		{B64F32BE-C61B-4D4E-85B0-26363CD2772F}.Release|Any CPU.ActiveCfg = Release|Any CPU
		{B64F32BE-C61B-4D4E-85B0-26363CD2772F}.Release|Any CPU.Build.0 = Release|Any CPU
		{68AAC7B7-472B-4D21-8CF8-B95CD2CC47EA}.Debug|Any CPU.ActiveCfg = Debug|Any CPU
		{68AAC7B7-472B-4D21-8CF8-B95CD2CC47EA}.Debug|Any CPU.Build.0 = Debug|Any CPU
		{68AAC7B7-472B-4D21-8CF8-B95CD2CC47EA}.Release|Any CPU.ActiveCfg = Release|Any CPU
		{68AAC7B7-472B-4D21-8CF8-B95CD2CC47EA}.Release|Any CPU.Build.0 = Release|Any CPU
	EndGlobalSection
	GlobalSection(SolutionProperties) = preSolution
		HideSolutionNode = FALSE
	EndGlobalSection
	GlobalSection(ExtensibilityGlobals) = postSolution
		SolutionGuid = {93F5DBEE-0D7A-4823-91FD-1ADF02848EFB}
	EndGlobalSection
EndGlobal
